
Microsoft Visual Studio Solution File, Format Version 12.00
# Visual Studio 2012
Project("{FAE04EC0-301F-11D3-BF4B-00C04F79EFBC}") = "BuildTest4", "BuildTest4\BuildTest4.csproj", "{94943D9E-26D9-4ACB-B336-B1E36DC0D492}"
EndProject
Project("{FAE04EC0-301F-11D3-BF4B-00C04F79EFBC}") = "Portable1", "Portable1\Portable1.csproj", "{C9593097-56DC-4AB4-8641-D9FDF9C9B25C}"
EndProject
Project("{FAE04EC0-301F-11D3-BF4B-00C04F79EFBC}") = "Portable2", "Portable2\Portable2.csproj", "{165E692D-B917-4FB6-B87B-3AC511CFC61C}"
EndProject
Global
	GlobalSection(SolutionConfigurationPlatforms) = preSolution
		Debug|Any CPU = Debug|Any CPU
		Release|Any CPU = Release|Any CPU
	EndGlobalSection
	GlobalSection(ProjectConfigurationPlatforms) = postSolution
		{94943D9E-26D9-4ACB-B336-B1E36DC0D492}.Debug|Any CPU.ActiveCfg = Debug|Any CPU
		{94943D9E-26D9-4ACB-B336-B1E36DC0D492}.Debug|Any CPU.Build.0 = Debug|Any CPU
		{94943D9E-26D9-4ACB-B336-B1E36DC0D492}.Release|Any CPU.ActiveCfg = Release|Any CPU
		{94943D9E-26D9-4ACB-B336-B1E36DC0D492}.Release|Any CPU.Build.0 = Release|Any CPU
		{C9593097-56DC-4AB4-8641-D9FDF9C9B25C}.Debug|Any CPU.ActiveCfg = Debug|Any CPU
		{C9593097-56DC-4AB4-8641-D9FDF9C9B25C}.Debug|Any CPU.Build.0 = Debug|Any CPU
		{C9593097-56DC-4AB4-8641-D9FDF9C9B25C}.Release|Any CPU.ActiveCfg = Release|Any CPU
		{C9593097-56DC-4AB4-8641-D9FDF9C9B25C}.Release|Any CPU.Build.0 = Release|Any CPU
		{165E692D-B917-4FB6-B87B-3AC511CFC61C}.Debug|Any CPU.ActiveCfg = Debug|Any CPU
		{165E692D-B917-4FB6-B87B-3AC511CFC61C}.Debug|Any CPU.Build.0 = Debug|Any CPU
		{165E692D-B917-4FB6-B87B-3AC511CFC61C}.Release|Any CPU.ActiveCfg = Release|Any CPU
		{165E692D-B917-4FB6-B87B-3AC511CFC61C}.Release|Any CPU.Build.0 = Release|Any CPU
	EndGlobalSection
	GlobalSection(SolutionProperties) = preSolution
		HideSolutionNode = FALSE
	EndGlobalSection
EndGlobal
