
Microsoft Visual Studio Solution File, Format Version 11.00
# Visual Studio 2010
Project("{FAE04EC0-301F-11D3-BF4B-00C04F79EFBC}") = "SimpleTouch45", "SimpleTouch45\SimpleTouch45.csproj", "{AA3A0E59-B139-4006-9D06-E631B3CC70C4}"
EndProject
Project("{FAE04EC0-301F-11D3-BF4B-00C04F79EFBC}") = "Portable45", "..\..\library\Portable45\Portable45.csproj", "{C25609AB-AFFB-46DD-8891-326D11779618}"
EndProject
Global
	GlobalSection(SolutionConfigurationPlatforms) = preSolution
		Debug|iPhoneSimulator = Debug|iPhoneSimulator
		Release|iPhoneSimulator = Release|iPhoneSimulator
		Debug|iPhone = Debug|iPhone
		Release|iPhone = Release|iPhone
		Ad-Hoc|iPhone = Ad-Hoc|iPhone
		AppStore|iPhone = AppStore|iPhone
	EndGlobalSection
	GlobalSection(ProjectConfigurationPlatforms) = postSolution
		{AA3A0E59-B139-4006-9D06-E631B3CC70C4}.Ad-Hoc|iPhone.ActiveCfg = Ad-Hoc|iPhone
		{AA3A0E59-B139-4006-9D06-E631B3CC70C4}.Ad-Hoc|iPhone.Build.0 = Ad-Hoc|iPhone
		{AA3A0E59-B139-4006-9D06-E631B3CC70C4}.AppStore|iPhone.ActiveCfg = AppStore|iPhone
		{AA3A0E59-B139-4006-9D06-E631B3CC70C4}.AppStore|iPhone.Build.0 = AppStore|iPhone
		{AA3A0E59-B139-4006-9D06-E631B3CC70C4}.Debug|iPhone.ActiveCfg = Debug|iPhone
		{AA3A0E59-B139-4006-9D06-E631B3CC70C4}.Debug|iPhone.Build.0 = Debug|iPhone
		{AA3A0E59-B139-4006-9D06-E631B3CC70C4}.Debug|iPhoneSimulator.ActiveCfg = Debug|iPhoneSimulator
		{AA3A0E59-B139-4006-9D06-E631B3CC70C4}.Debug|iPhoneSimulator.Build.0 = Debug|iPhoneSimulator
		{AA3A0E59-B139-4006-9D06-E631B3CC70C4}.Release|iPhone.ActiveCfg = Release|iPhone
		{AA3A0E59-B139-4006-9D06-E631B3CC70C4}.Release|iPhone.Build.0 = Release|iPhone
		{AA3A0E59-B139-4006-9D06-E631B3CC70C4}.Release|iPhoneSimulator.ActiveCfg = Release|iPhoneSimulator
		{AA3A0E59-B139-4006-9D06-E631B3CC70C4}.Release|iPhoneSimulator.Build.0 = Release|iPhoneSimulator
		{C25609AB-AFFB-46DD-8891-326D11779618}.Ad-Hoc|iPhone.ActiveCfg = Release|Any CPU
		{C25609AB-AFFB-46DD-8891-326D11779618}.Ad-Hoc|iPhone.Build.0 = Release|Any CPU
		{C25609AB-AFFB-46DD-8891-326D11779618}.AppStore|iPhone.ActiveCfg = Release|Any CPU
		{C25609AB-AFFB-46DD-8891-326D11779618}.AppStore|iPhone.Build.0 = Release|Any CPU
		{C25609AB-AFFB-46DD-8891-326D11779618}.Debug|iPhone.ActiveCfg = Debug|Any CPU
		{C25609AB-AFFB-46DD-8891-326D11779618}.Debug|iPhone.Build.0 = Debug|Any CPU
		{C25609AB-AFFB-46DD-8891-326D11779618}.Debug|iPhoneSimulator.ActiveCfg = Debug|Any CPU
		{C25609AB-AFFB-46DD-8891-326D11779618}.Debug|iPhoneSimulator.Build.0 = Debug|Any CPU
		{C25609AB-AFFB-46DD-8891-326D11779618}.Release|iPhone.ActiveCfg = Release|Any CPU
		{C25609AB-AFFB-46DD-8891-326D11779618}.Release|iPhone.Build.0 = Release|Any CPU
		{C25609AB-AFFB-46DD-8891-326D11779618}.Release|iPhoneSimulator.ActiveCfg = Release|Any CPU
		{C25609AB-AFFB-46DD-8891-326D11779618}.Release|iPhoneSimulator.Build.0 = Release|Any CPU
	EndGlobalSection
	GlobalSection(MonoDevelopProperties) = preSolution
		StartupItem = SimpleTouch45\SimpleTouch45.csproj
	EndGlobalSection
EndGlobal
