
Microsoft Visual Studio Solution File, Format Version 12.00
# Visual Studio 2012
Project("{FAE04EC0-301F-11D3-BF4B-00C04F79EFBC}") = "SimpleDroid", "SimpleDroid\SimpleDroid.csproj", "{BC46E447-796B-4DCE-B3F9-1CEC5D4E0C60}"
EndProject
Project("{FAE04EC0-301F-11D3-BF4B-00C04F79EFBC}") = "Portable", "Portable\Portable.csproj", "{CFFCE51D-64EE-4B3A-AAC3-7940FAA58015}"
EndProject
Global
	GlobalSection(SolutionConfigurationPlatforms) = preSolution
		Debug|Any CPU = Debug|Any CPU
		Release|Any CPU = Release|Any CPU
	EndGlobalSection
	GlobalSection(ProjectConfigurationPlatforms) = postSolution
		{BC46E447-796B-4DCE-B3F9-1CEC5D4E0C60}.Debug|Any CPU.ActiveCfg = Debug|Any CPU
		{BC46E447-796B-4DCE-B3F9-1CEC5D4E0C60}.Debug|Any CPU.Build.0 = Debug|Any CPU
		{BC46E447-796B-4DCE-B3F9-1CEC5D4E0C60}.Debug|Any CPU.Deploy.0 = Debug|Any CPU
		{BC46E447-796B-4DCE-B3F9-1CEC5D4E0C60}.Release|Any CPU.ActiveCfg = Release|Any CPU
		{BC46E447-796B-4DCE-B3F9-1CEC5D4E0C60}.Release|Any CPU.Build.0 = Release|Any CPU
		{BC46E447-796B-4DCE-B3F9-1CEC5D4E0C60}.Release|Any CPU.Deploy.0 = Release|Any CPU
		{CFFCE51D-64EE-4B3A-AAC3-7940FAA58015}.Debug|Any CPU.ActiveCfg = Debug|Any CPU
		{CFFCE51D-64EE-4B3A-AAC3-7940FAA58015}.Debug|Any CPU.Build.0 = Debug|Any CPU
		{CFFCE51D-64EE-4B3A-AAC3-7940FAA58015}.Release|Any CPU.ActiveCfg = Release|Any CPU
		{CFFCE51D-64EE-4B3A-AAC3-7940FAA58015}.Release|Any CPU.Build.0 = Release|Any CPU
	EndGlobalSection
	GlobalSection(MonoDevelopProperties) = preSolution
		StartupItem = SimpleDroid\SimpleDroid.csproj
	EndGlobalSection
	GlobalSection(SolutionProperties) = preSolution
		HideSolutionNode = FALSE
	EndGlobalSection
EndGlobal
