
Microsoft Visual Studio Solution File, Format Version 12.00
# Visual Studio 2012
Project("{FAE04EC0-301F-11D3-BF4B-00C04F79EFBC}") = "SimpleDroid", "SimpleDroid\SimpleDroid.csproj", "{BC46E447-796B-4DCE-B3F9-1CEC5D4E0C60}"
EndProject
Project("{FAE04EC0-301F-11D3-BF4B-00C04F79EFBC}") = "Portable", "Portable\Portable.csproj", "{30C21B65-0E13-4E74-BDEB-A27991EE089D}"
EndProject
Project("{FAE04EC0-301F-11D3-BF4B-00C04F79EFBC}") = "ConsoleTest", "ConsoleTest\ConsoleTest.csproj", "{2B1576A2-D2E0-4758-A2B0-9424AC5B40D3}"
EndProject
Global
	GlobalSection(SolutionConfigurationPlatforms) = preSolution
		Debug|Any CPU = Debug|Any CPU
		Release|Any CPU = Release|Any CPU
	EndGlobalSection
	GlobalSection(ProjectConfigurationPlatforms) = postSolution
		{BC46E447-796B-4DCE-B3F9-1CEC5D4E0C60}.Debug|Any CPU.ActiveCfg = Debug|Any CPU
		{BC46E447-796B-4DCE-B3F9-1CEC5D4E0C60}.Debug|Any CPU.Build.0 = Debug|Any CPU
		{BC46E447-796B-4DCE-B3F9-1CEC5D4E0C60}.Debug|Any CPU.Deploy.0 = Debug|Any CPU
		{BC46E447-796B-4DCE-B3F9-1CEC5D4E0C60}.Release|Any CPU.ActiveCfg = Release|Any CPU
		{BC46E447-796B-4DCE-B3F9-1CEC5D4E0C60}.Release|Any CPU.Build.0 = Release|Any CPU
		{BC46E447-796B-4DCE-B3F9-1CEC5D4E0C60}.Release|Any CPU.Deploy.0 = Release|Any CPU
		{30C21B65-0E13-4E74-BDEB-A27991EE089D}.Debug|Any CPU.ActiveCfg = Debug|Any CPU
		{30C21B65-0E13-4E74-BDEB-A27991EE089D}.Debug|Any CPU.Build.0 = Debug|Any CPU
		{30C21B65-0E13-4E74-BDEB-A27991EE089D}.Release|Any CPU.ActiveCfg = Release|Any CPU
		{30C21B65-0E13-4E74-BDEB-A27991EE089D}.Release|Any CPU.Build.0 = Release|Any CPU
		{2B1576A2-D2E0-4758-A2B0-9424AC5B40D3}.Debug|Any CPU.ActiveCfg = Debug|Any CPU
		{2B1576A2-D2E0-4758-A2B0-9424AC5B40D3}.Debug|Any CPU.Build.0 = Debug|Any CPU
		{2B1576A2-D2E0-4758-A2B0-9424AC5B40D3}.Release|Any CPU.ActiveCfg = Release|Any CPU
		{2B1576A2-D2E0-4758-A2B0-9424AC5B40D3}.Release|Any CPU.Build.0 = Release|Any CPU
	EndGlobalSection
	GlobalSection(SolutionProperties) = preSolution
		HideSolutionNode = FALSE
	EndGlobalSection
EndGlobal
