
Microsoft Visual Studio Solution File, Format Version 12.00
# Visual Studio 2012
Project("{FAE04EC0-301F-11D3-BF4B-00C04F79EFBC}") = "SimpleDroid", "SimpleDroid\SimpleDroid.csproj", "{BC46E447-796B-4DCE-B3F9-1CEC5D4E0C60}"
EndProject
Project("{FAE04EC0-301F-11D3-BF4B-00C04F79EFBC}") = "Portable", "..\..\library\Portable\Portable.csproj", "{4BAD870C-5F11-4988-B777-04250598C202}"
EndProject
Global
	GlobalSection(SolutionConfigurationPlatforms) = preSolution
		Debug|Any CPU = Debug|Any CPU
		Release|Any CPU = Release|Any CPU
	EndGlobalSection
	GlobalSection(ProjectConfigurationPlatforms) = postSolution
		{4BAD870C-5F11-4988-B777-04250598C202}.Debug|Any CPU.ActiveCfg = Debug|Any CPU
		{4BAD870C-5F11-4988-B777-04250598C202}.Debug|Any CPU.Build.0 = Debug|Any CPU
		{4BAD870C-5F11-4988-B777-04250598C202}.Release|Any CPU.ActiveCfg = Release|Any CPU
		{4BAD870C-5F11-4988-B777-04250598C202}.Release|Any CPU.Build.0 = Release|Any CPU
		{BC46E447-796B-4DCE-B3F9-1CEC5D4E0C60}.Debug|Any CPU.ActiveCfg = Debug|Any CPU
		{BC46E447-796B-4DCE-B3F9-1CEC5D4E0C60}.Debug|Any CPU.Build.0 = Debug|Any CPU
		{BC46E447-796B-4DCE-B3F9-1CEC5D4E0C60}.Debug|Any CPU.Deploy.0 = Debug|Any CPU
		{BC46E447-796B-4DCE-B3F9-1CEC5D4E0C60}.Release|Any CPU.ActiveCfg = Release|Any CPU
		{BC46E447-796B-4DCE-B3F9-1CEC5D4E0C60}.Release|Any CPU.Build.0 = Release|Any CPU
		{BC46E447-796B-4DCE-B3F9-1CEC5D4E0C60}.Release|Any CPU.Deploy.0 = Release|Any CPU
	EndGlobalSection
	GlobalSection(MonoDevelopProperties) = preSolution
		StartupItem = SimpleDroid\SimpleDroid.csproj
	EndGlobalSection
	GlobalSection(SolutionProperties) = preSolution
		HideSolutionNode = FALSE
	EndGlobalSection
EndGlobal
